# This file is automatically @generated by Cargo.
# It is not intended for manual editing.
version = 4

[[package]]
name = "morse"
version = "0.1.0"
dependencies = [
 "morse-codec",
]

[[package]]
name = "morse-codec"
version = "0.4.11"
source = "registry+https://github.com/rust-lang/crates.io-index"
checksum = "f986f7e294310c34d1eb546c0e9d15cedb2c64f8b3c97bb948d4f9b49008c6be"
